Microsoft Visual Studio Solution File, Format Version 12.00
# Visual Studio Version 17
VisualStudioVersion = 17.0.31912.202
MinimumVisualStudioVersion = 10.0.40219.1
Project("{FAE04EC0-301F-11D3-BF4B-00C04F79EFBC}") = "BrewInventory.App", "BrewInventory.App\BrewInventory.App.csproj", "{A9EB4823-C291-476D-A641-CA53744726FC}"
EndProject
Global
	GlobalSection(SolutionConfigurationPlatforms) = preSolution
		Debug|Any CPU = Debug|Any CPU
		Release|Any CPU = Release|Any CPU
	EndGlobalSection
	GlobalSection(ProjectConfigurationPlatforms) = postSolution
		{A9EB4823-C291-476D-A641-CA53744726FC}.Debug|Any CPU.ActiveCfg = Debug|Any CPU
		{A9EB4823-C291-476D-A641-CA53744726FC}.Debug|Any CPU.Build.0 = Debug|Any CPU
		{A9EB4823-C291-476D-A641-CA53744726FC}.Release|Any CPU.ActiveCfg = Release|Any CPU
		{A9EB4823-C291-476D-A641-CA53744726FC}.Release|Any CPU.Build.0 = Release|Any CPU
	EndGlobalSection
	GlobalSection(SolutionProperties) = preSolution
		HideSolutionNode = FALSE
	EndGlobalSection
	GlobalSection(ExtensibilityGlobals) = postSolution
		SolutionGuid = {7BBBAB48-328D-471D-A7CE-87DEE8241FFD}
	EndGlobalSection
EndGlobal
